
Microsoft Visual Studio Solution File, Format Version 12.00
# Visual Studio Version 17
VisualStudioVersion = 17.7.34024.191
MinimumVisualStudioVersion = 10.0.40219.1
Project("{FAE04EC0-301F-11D3-BF4B-00C04F79EFBC}") = "Lab3.1", "Lab3.1.csproj", "{13BE93DD-BC10-4D56-B84E-A88223A5BD9D}"
EndProject
Global
	GlobalSection(SolutionConfigurationPlatforms) = preSolution
		Debug|Any CPU = Debug|Any CPU
		Release|Any CPU = Release|Any CPU
	EndGlobalSection
	GlobalSection(ProjectConfigurationPlatforms) = postSolution
		{13BE93DD-BC10-4D56-B84E-A88223A5BD9D}.Debug|Any CPU.ActiveCfg = Debug|Any CPU
		{13BE93DD-BC10-4D56-B84E-A88223A5BD9D}.Debug|Any CPU.Build.0 = Debug|Any CPU
		{13BE93DD-BC10-4D56-B84E-A88223A5BD9D}.Release|Any CPU.ActiveCfg = Release|Any CPU
		{13BE93DD-BC10-4D56-B84E-A88223A5BD9D}.Release|Any CPU.Build.0 = Release|Any CPU
	EndGlobalSection
	GlobalSection(SolutionProperties) = preSolution
		HideSolutionNode = FALSE
	EndGlobalSection
	GlobalSection(ExtensibilityGlobals) = postSolution
		SolutionGuid = {5B751679-04F5-407D-A355-77D2E1A1EF0C}
	EndGlobalSection
EndGlobal
